
Microsoft Visual Studio Solution File, Format Version 12.00
# Visual Studio Version 16
VisualStudioVersion = 16.0.30503.244
MinimumVisualStudioVersion = 10.0.40219.1
Project("{FAE04EC0-301F-11D3-BF4B-00C04F79EFBC}") = "MvcKurumsalSite", "MvcKurumsalSite\MvcKurumsalSite.csproj", "{CF417328-33BD-4BA5-9B7C-1D0C307A4826}"
EndProject
Project("{FAE04EC0-301F-11D3-BF4B-00C04F79EFBC}") = "MvcKurumsalSite.Entities", "Entities\MvcKurumsalSite.Entities.csproj", "{20E602A7-305E-4C87-A2BA-4E881F65C0A9}"
EndProject
Project("{FAE04EC0-301F-11D3-BF4B-00C04F79EFBC}") = "MvcKurumsalSite.DataAccess", "MvcKurumsalSite.DataAccess\MvcKurumsalSite.DataAccess.csproj", "{B4B9431F-5E87-4102-8149-81A1C04F8E69}"
EndProject
Global
	GlobalSection(SolutionConfigurationPlatforms) = preSolution
		Debug|Any CPU = Debug|Any CPU
		Release|Any CPU = Release|Any CPU
	EndGlobalSection
	GlobalSection(ProjectConfigurationPlatforms) = postSolution
		{CF417328-33BD-4BA5-9B7C-1D0C307A4826}.Debug|Any CPU.ActiveCfg = Debug|Any CPU
		{CF417328-33BD-4BA5-9B7C-1D0C307A4826}.Debug|Any CPU.Build.0 = Debug|Any CPU
		{CF417328-33BD-4BA5-9B7C-1D0C307A4826}.Release|Any CPU.ActiveCfg = Release|Any CPU
		{CF417328-33BD-4BA5-9B7C-1D0C307A4826}.Release|Any CPU.Build.0 = Release|Any CPU
		{20E602A7-305E-4C87-A2BA-4E881F65C0A9}.Debug|Any CPU.ActiveCfg = Debug|Any CPU
		{20E602A7-305E-4C87-A2BA-4E881F65C0A9}.Debug|Any CPU.Build.0 = Debug|Any CPU
		{20E602A7-305E-4C87-A2BA-4E881F65C0A9}.Release|Any CPU.ActiveCfg = Release|Any CPU
		{20E602A7-305E-4C87-A2BA-4E881F65C0A9}.Release|Any CPU.Build.0 = Release|Any CPU
		{B4B9431F-5E87-4102-8149-81A1C04F8E69}.Debug|Any CPU.ActiveCfg = Debug|Any CPU
		{B4B9431F-5E87-4102-8149-81A1C04F8E69}.Debug|Any CPU.Build.0 = Debug|Any CPU
		{B4B9431F-5E87-4102-8149-81A1C04F8E69}.Release|Any CPU.ActiveCfg = Release|Any CPU
		{B4B9431F-5E87-4102-8149-81A1C04F8E69}.Release|Any CPU.Build.0 = Release|Any CPU
	EndGlobalSection
	GlobalSection(SolutionProperties) = preSolution
		HideSolutionNode = FALSE
	EndGlobalSection
	GlobalSection(ExtensibilityGlobals) = postSolution
		SolutionGuid = {CF5C058C-694C-4FA7-BD58-E5011D85BDC9}
	EndGlobalSection
EndGlobal
